{
  "name": "johan-portfolio",
  "version": "1.0.0",
  "lockfileVersion": 1,
  "requires": true,
  "dependencies": {
    "carousel-menu": {
      "version": "1.0.0",
      "resolved": "https://registry.npmjs.org/carousel-menu/-/carousel-menu-1.0.0.tgz",
      "integrity": "sha512-wtKuCHeytACtnU6pO4muNTJ53YhpAdZ9kZ5Zg2LreY6j35dR79C/9zq/Y3MZ5sGJjxuGmnST5EycljE5DsjZHg=="
    }
  }
}
